
Microsoft Visual Studio Solution File, Format Version 12.00
# Visual Studio Version 16
VisualStudioVersion = 16.0.30804.86
MinimumVisualStudioVersion = 10.0.40219.1
Project("{FAE04EC0-301F-11D3-BF4B-00C04F79EFBC}") = "Solution-9", "Solution-9\Solution-9.csproj", "{B2E0D529-107D-44AC-A60B-6259F6B52BB8}"
EndProject
Global
	GlobalSection(SolutionConfigurationPlatforms) = preSolution
		Debug|Any CPU = Debug|Any CPU
		Release|Any CPU = Release|Any CPU
	EndGlobalSection
	GlobalSection(ProjectConfigurationPlatforms) = postSolution
		{B2E0D529-107D-44AC-A60B-6259F6B52BB8}.Debug|Any CPU.ActiveCfg = Debug|Any CPU
		{B2E0D529-107D-44AC-A60B-6259F6B52BB8}.Debug|Any CPU.Build.0 = Debug|Any CPU
		{B2E0D529-107D-44AC-A60B-6259F6B52BB8}.Release|Any CPU.ActiveCfg = Release|Any CPU
		{B2E0D529-107D-44AC-A60B-6259F6B52BB8}.Release|Any CPU.Build.0 = Release|Any CPU
	EndGlobalSection
	GlobalSection(SolutionProperties) = preSolution
		HideSolutionNode = FALSE
	EndGlobalSection
	GlobalSection(ExtensibilityGlobals) = postSolution
		SolutionGuid = {6BFE2079-62F5-4436-8BCD-85A0C18581D2}
	EndGlobalSection
EndGlobal
