
Microsoft Visual Studio Solution File, Format Version 12.00
# Visual Studio Version 16
VisualStudioVersion = 16.0.30907.101
MinimumVisualStudioVersion = 10.0.40219.1
Project("{FAE04EC0-301F-11D3-BF4B-00C04F79EFBC}") = "Solution-2", "Solution-2\Solution-2.csproj", "{CD412059-047A-4F0F-9380-0A0CC18DE60A}"
EndProject
Global
	GlobalSection(SolutionConfigurationPlatforms) = preSolution
		Debug|Any CPU = Debug|Any CPU
		Release|Any CPU = Release|Any CPU
	EndGlobalSection
	GlobalSection(ProjectConfigurationPlatforms) = postSolution
		{CD412059-047A-4F0F-9380-0A0CC18DE60A}.Debug|Any CPU.ActiveCfg = Debug|Any CPU
		{CD412059-047A-4F0F-9380-0A0CC18DE60A}.Debug|Any CPU.Build.0 = Debug|Any CPU
		{CD412059-047A-4F0F-9380-0A0CC18DE60A}.Release|Any CPU.ActiveCfg = Release|Any CPU
		{CD412059-047A-4F0F-9380-0A0CC18DE60A}.Release|Any CPU.Build.0 = Release|Any CPU
	EndGlobalSection
	GlobalSection(SolutionProperties) = preSolution
		HideSolutionNode = FALSE
	EndGlobalSection
	GlobalSection(ExtensibilityGlobals) = postSolution
		SolutionGuid = {FE80FF7A-6661-4A94-8929-DF734B8D5218}
	EndGlobalSection
EndGlobal
