
Microsoft Visual Studio Solution File, Format Version 12.00
# Visual Studio Version 16
VisualStudioVersion = 16.0.30907.101
MinimumVisualStudioVersion = 10.0.40219.1
Project("{FAE04EC0-301F-11D3-BF4B-00C04F79EFBC}") = "Solution-1", "Solution-1\Solution-1.csproj", "{C6B2EE16-0DAF-46D1-A309-76B26764BD3B}"
EndProject
Global
	GlobalSection(SolutionConfigurationPlatforms) = preSolution
		Debug|Any CPU = Debug|Any CPU
		Release|Any CPU = Release|Any CPU
	EndGlobalSection
	GlobalSection(ProjectConfigurationPlatforms) = postSolution
		{C6B2EE16-0DAF-46D1-A309-76B26764BD3B}.Debug|Any CPU.ActiveCfg = Debug|Any CPU
		{C6B2EE16-0DAF-46D1-A309-76B26764BD3B}.Debug|Any CPU.Build.0 = Debug|Any CPU
		{C6B2EE16-0DAF-46D1-A309-76B26764BD3B}.Release|Any CPU.ActiveCfg = Release|Any CPU
		{C6B2EE16-0DAF-46D1-A309-76B26764BD3B}.Release|Any CPU.Build.0 = Release|Any CPU
	EndGlobalSection
	GlobalSection(SolutionProperties) = preSolution
		HideSolutionNode = FALSE
	EndGlobalSection
	GlobalSection(ExtensibilityGlobals) = postSolution
		SolutionGuid = {9133E44C-4C75-4DE6-B892-A7691D5D3453}
	EndGlobalSection
EndGlobal
